
Microsoft Visual Studio Solution File, Format Version 12.00
# Visual Studio Version 17
VisualStudioVersion = 17.2.32630.192
MinimumVisualStudioVersion = 10.0.40219.1
Project("{9A19103F-16F7-4668-BE54-9A1E7A4F7556}") = "DemoPeliculas.Server", "DemoPeliculas\Server\DemoPeliculas.Server.csproj", "{988B89D2-A1B1-4553-9B0D-F61A382BAE9C}"
EndProject
Project("{9A19103F-16F7-4668-BE54-9A1E7A4F7556}") = "DemoPeliculas.Client", "DemoPeliculas\Client\DemoPeliculas.Client.csproj", "{ECD7963F-3D77-4EBB-9201-6B9B155E4155}"
EndProject
Project("{9A19103F-16F7-4668-BE54-9A1E7A4F7556}") = "DemoPeliculas.Shared", "DemoPeliculas\Shared\DemoPeliculas.Shared.csproj", "{13FF0FD5-E868-4DC9-98E7-9F438AEB9021}"
EndProject
Global
	GlobalSection(SolutionConfigurationPlatforms) = preSolution
		Debug|Any CPU = Debug|Any CPU
		Release|Any CPU = Release|Any CPU
	EndGlobalSection
	GlobalSection(ProjectConfigurationPlatforms) = postSolution
		{988B89D2-A1B1-4553-9B0D-F61A382BAE9C}.Debug|Any CPU.ActiveCfg = Debug|Any CPU
		{988B89D2-A1B1-4553-9B0D-F61A382BAE9C}.Debug|Any CPU.Build.0 = Debug|Any CPU
		{988B89D2-A1B1-4553-9B0D-F61A382BAE9C}.Release|Any CPU.ActiveCfg = Release|Any CPU
		{988B89D2-A1B1-4553-9B0D-F61A382BAE9C}.Release|Any CPU.Build.0 = Release|Any CPU
		{ECD7963F-3D77-4EBB-9201-6B9B155E4155}.Debug|Any CPU.ActiveCfg = Debug|Any CPU
		{ECD7963F-3D77-4EBB-9201-6B9B155E4155}.Debug|Any CPU.Build.0 = Debug|Any CPU
		{ECD7963F-3D77-4EBB-9201-6B9B155E4155}.Release|Any CPU.ActiveCfg = Release|Any CPU
		{ECD7963F-3D77-4EBB-9201-6B9B155E4155}.Release|Any CPU.Build.0 = Release|Any CPU
		{13FF0FD5-E868-4DC9-98E7-9F438AEB9021}.Debug|Any CPU.ActiveCfg = Debug|Any CPU
		{13FF0FD5-E868-4DC9-98E7-9F438AEB9021}.Debug|Any CPU.Build.0 = Debug|Any CPU
		{13FF0FD5-E868-4DC9-98E7-9F438AEB9021}.Release|Any CPU.ActiveCfg = Release|Any CPU
		{13FF0FD5-E868-4DC9-98E7-9F438AEB9021}.Release|Any CPU.Build.0 = Release|Any CPU
	EndGlobalSection
	GlobalSection(SolutionProperties) = preSolution
		HideSolutionNode = FALSE
	EndGlobalSection
	GlobalSection(ExtensibilityGlobals) = postSolution
		SolutionGuid = {4940F380-7A71-491F-A61F-4792BFFA0790}
	EndGlobalSection
EndGlobal
